
Microsoft Visual Studio Solution File, Format Version 12.00
# Visual Studio 15
VisualStudioVersion = 15.0.28010.2036
MinimumVisualStudioVersion = 10.0.40219.1
Project("{FAE04EC0-301F-11D3-BF4B-00C04F79EFBC}") = "CMK.FilestoDBMVC.DataAccess", "CMK.FilestoDBMVC.DataAccess\CMK.FilestoDBMVC.DataAccess.csproj", "{79F4E09D-D596-4FEB-B827-1270BDCEF735}"
EndProject
Project("{FAE04EC0-301F-11D3-BF4B-00C04F79EFBC}") = "CMK.FilestoDBMVC.Presentation", "CMK.FilestoDBMVC.Presentation\CMK.FilestoDBMVC.Presentation.csproj", "{207997AD-299B-4278-8B47-40CEBB372773}"
EndProject
Global
	GlobalSection(SolutionConfigurationPlatforms) = preSolution
		Debug|Any CPU = Debug|Any CPU
		Release|Any CPU = Release|Any CPU
	EndGlobalSection
	GlobalSection(ProjectConfigurationPlatforms) = postSolution
		{79F4E09D-D596-4FEB-B827-1270BDCEF735}.Debug|Any CPU.ActiveCfg = Debug|Any CPU
		{79F4E09D-D596-4FEB-B827-1270BDCEF735}.Debug|Any CPU.Build.0 = Debug|Any CPU
		{79F4E09D-D596-4FEB-B827-1270BDCEF735}.Release|Any CPU.ActiveCfg = Release|Any CPU
		{79F4E09D-D596-4FEB-B827-1270BDCEF735}.Release|Any CPU.Build.0 = Release|Any CPU
		{207997AD-299B-4278-8B47-40CEBB372773}.Debug|Any CPU.ActiveCfg = Debug|Any CPU
		{207997AD-299B-4278-8B47-40CEBB372773}.Debug|Any CPU.Build.0 = Debug|Any CPU
		{207997AD-299B-4278-8B47-40CEBB372773}.Release|Any CPU.ActiveCfg = Release|Any CPU
		{207997AD-299B-4278-8B47-40CEBB372773}.Release|Any CPU.Build.0 = Release|Any CPU
	EndGlobalSection
	GlobalSection(SolutionProperties) = preSolution
		HideSolutionNode = FALSE
	EndGlobalSection
	GlobalSection(ExtensibilityGlobals) = postSolution
		SolutionGuid = {369EE77A-B5CD-4A72-B838-00443774A9C7}
	EndGlobalSection
EndGlobal
